
Microsoft Visual Studio Solution File, Format Version 12.00
# Visual Studio Version 16
VisualStudioVersion = 16.0.32602.291
MinimumVisualStudioVersion = 10.0.40219.1
Project("{FAE04EC0-301F-11D3-BF4B-00C04F79EFBC}") = "Amonic", "Amonic\Amonic.csproj", "{1DC20D08-18BB-49AB-A7B3-4AA6E2E8E165}"
EndProject
Global
	GlobalSection(SolutionConfigurationPlatforms) = preSolution
		Debug|Any CPU = Debug|Any CPU
		Release|Any CPU = Release|Any CPU
	EndGlobalSection
	GlobalSection(ProjectConfigurationPlatforms) = postSolution
		{1DC20D08-18BB-49AB-A7B3-4AA6E2E8E165}.Debug|Any CPU.ActiveCfg = Debug|Any CPU
		{1DC20D08-18BB-49AB-A7B3-4AA6E2E8E165}.Debug|Any CPU.Build.0 = Debug|Any CPU
		{1DC20D08-18BB-49AB-A7B3-4AA6E2E8E165}.Release|Any CPU.ActiveCfg = Release|Any CPU
		{1DC20D08-18BB-49AB-A7B3-4AA6E2E8E165}.Release|Any CPU.Build.0 = Release|Any CPU
	EndGlobalSection
	GlobalSection(SolutionProperties) = preSolution
		HideSolutionNode = FALSE
	EndGlobalSection
	GlobalSection(ExtensibilityGlobals) = postSolution
		SolutionGuid = {E18D53AE-CE0E-462F-A2AE-CA960BE0C7CB}
	EndGlobalSection
EndGlobal
